// !$*UTF8*$!
{
	archiveVersion = 1;
	classes = {
	};
	objectVersion = 46;
	objects = {

/* Begin PBXBuildFile section */
		FA2B5BE3169A4B3500F143BD /* Cocoa.framework in Frameworks */ = {isa = PBXBuildFile; fileRef = FA2B5BE2169A4B3500F143BD /* Cocoa.framework */; };
		FA2B5C03169A4CBB00F143BD /* OpenGL.framework in Frameworks */ = {isa = PBXBuildFile; fileRef = FA2B5C02169A4CBB00F143BD /* OpenGL.framework */; };
		FACF2764169B8223000D4C13 /* Camera.cpp in Sources */ = {isa = PBXBuildFile; fileRef = FACF2753169B8223000D4C13 /* Camera.cpp */; };
		FACF2765169B8223000D4C13 /* Material.cpp in Sources */ = {isa = PBXBuildFile; fileRef = FACF2755169B8223000D4C13 /* Material.cpp */; };
		FACF2766169B8223000D4C13 /* Mesh.cpp in Sources */ = {isa = PBXBuildFile; fileRef = FACF2757169B8223000D4C13 /* Mesh.cpp */; };
		FACF2767169B8223000D4C13 /* Model.cpp in Sources */ = {isa = PBXBuildFile; fileRef = FACF2759169B8223000D4C13 /* Model.cpp */; };
		FACF2768169B8223000D4C13 /* RenderTexture.cpp in Sources */ = {isa = PBXBuildFile; fileRef = FACF275C169B8223000D4C13 /* RenderTexture.cpp */; };
		FACF2769169B8223000D4C13 /* Shader.cpp in Sources */ = {isa = PBXBuildFile; fileRef = FACF275E169B8223000D4C13 /* Shader.cpp */; };
		FACF276A169B8223000D4C13 /* stb_image.cpp in Sources */ = {isa = PBXBuildFile; fileRef = FACF2760169B8223000D4C13 /* stb_image.cpp */; };
		FACF276B169B8223000D4C13 /* Texture.cpp in Sources */ = {isa = PBXBuildFile; fileRef = FACF2762169B8223000D4C13 /* Texture.cpp */; };
		FACF2770169B8A04000D4C13 /* GL.cpp in Sources */ = {isa = PBXBuildFile; fileRef = FACF276C169B8A04000D4C13 /* GL.cpp */; };
		FACF2771169B8A04000D4C13 /* gl3w_gen.py in Resources */ = {isa = PBXBuildFile; fileRef = FACF276E169B8A04000D4C13 /* gl3w_gen.py */; };
		FAEB2151169B64A900B5EA1D /* Game.cpp in Sources */ = {isa = PBXBuildFile; fileRef = FAEB2150169B64A900B5EA1D /* Game.cpp */; };
		FAEB2157169B74EC00B5EA1D /* CoreVideo.framework in Frameworks */ = {isa = PBXBuildFile; fileRef = FAEB2156169B74EC00B5EA1D /* CoreVideo.framework */; };
		FAEB2168169B7F5300B5EA1D /* AppDelegate.mm in Sources */ = {isa = PBXBuildFile; fileRef = FAEB215A169B7F5300B5EA1D /* AppDelegate.mm */; };
		FAEB216B169B7F5300B5EA1D /* MainMenu.xib in Resources */ = {isa = PBXBuildFile; fileRef = FAEB215F169B7F5300B5EA1D /* MainMenu.xib */; };
		FAEB216D169B7F5300B5EA1D /* GLView.mm in Sources */ = {isa = PBXBuildFile; fileRef = FAEB2163169B7F5300B5EA1D /* GLView.mm */; };
		FAEB216F169B7F5300B5EA1D /* main.m in Sources */ = {isa = PBXBuildFile; fileRef = FAEB2166169B7F5300B5EA1D /* main.m */; };
		FAEB2170169B7F5300B5EA1D /* Window.mm in Sources */ = {isa = PBXBuildFile; fileRef = FAEB2167169B7F5300B5EA1D /* Window.mm */; };
		FAEB2172169B7FD400B5EA1D /* InfoPlist.strings in Resources */ = {isa = PBXBuildFile; fileRef = FAEB215D169B7F5300B5EA1D /* InfoPlist.strings */; };
/* End PBXBuildFile section */

/* Begin PBXFileReference section */
		FA2B5BDE169A4B3500F143BD /* glwt.app */ = {isa = PBXFileReference; explicitFileType = wrapper.application; includeInIndex = 0; path = glwt.app; sourceTree = BUILT_PRODUCTS_DIR; };
		FA2B5BE2169A4B3500F143BD /* Cocoa.framework */ = {isa = PBXFileReference; lastKnownFileType = wrapper.framework; name = Cocoa.framework; path = System/Library/Frameworks/Cocoa.framework; sourceTree = SDKROOT; };
		FA2B5BE5169A4B3500F143BD /* AppKit.framework */ = {isa = PBXFileReference; lastKnownFileType = wrapper.framework; name = AppKit.framework; path = System/Library/Frameworks/AppKit.framework; sourceTree = SDKROOT; };
		FA2B5BE6169A4B3500F143BD /* CoreData.framework */ = {isa = PBXFileReference; lastKnownFileType = wrapper.framework; name = CoreData.framework; path = System/Library/Frameworks/CoreData.framework; sourceTree = SDKROOT; };
		FA2B5BE7169A4B3500F143BD /* Foundation.framework */ = {isa = PBXFileReference; lastKnownFileType = wrapper.framework; name = Foundation.framework; path = System/Library/Frameworks/Foundation.framework; sourceTree = SDKROOT; };
		FA2B5C02169A4CBB00F143BD /* OpenGL.framework */ = {isa = PBXFileReference; lastKnownFileType = wrapper.framework; name = OpenGL.framework; path = System/Library/Frameworks/OpenGL.framework; sourceTree = SDKROOT; };
		FACF2753169B8223000D4C13 /* Camera.cpp */ = {isa = PBXFileReference; fileEncoding = 4; lastKnownFileType = sourcecode.cpp.cpp; name = Camera.cpp; path = ../game/Camera.cpp; sourceTree = "<group>"; };
		FACF2754169B8223000D4C13 /* Camera.h */ = {isa = PBXFileReference; fileEncoding = 4; lastKnownFileType = sourcecode.c.h; name = Camera.h; path = ../game/Camera.h; sourceTree = "<group>"; };
		FACF2755169B8223000D4C13 /* Material.cpp */ = {isa = PBXFileReference; fileEncoding = 4; lastKnownFileType = sourcecode.cpp.cpp; name = Material.cpp; path = ../game/Material.cpp; sourceTree = "<group>"; };
		FACF2756169B8223000D4C13 /* Material.h */ = {isa = PBXFileReference; fileEncoding = 4; lastKnownFileType = sourcecode.c.h; name = Material.h; path = ../game/Material.h; sourceTree = "<group>"; };
		FACF2757169B8223000D4C13 /* Mesh.cpp */ = {isa = PBXFileReference; fileEncoding = 4; lastKnownFileType = sourcecode.cpp.cpp; name = Mesh.cpp; path = ../game/Mesh.cpp; sourceTree = "<group>"; };
		FACF2758169B8223000D4C13 /* Mesh.h */ = {isa = PBXFileReference; fileEncoding = 4; lastKnownFileType = sourcecode.c.h; name = Mesh.h; path = ../game/Mesh.h; sourceTree = "<group>"; };
		FACF2759169B8223000D4C13 /* Model.cpp */ = {isa = PBXFileReference; fileEncoding = 4; lastKnownFileType = sourcecode.cpp.cpp; name = Model.cpp; path = ../game/Model.cpp; sourceTree = "<group>"; };
		FACF275A169B8223000D4C13 /* Model.h */ = {isa = PBXFileReference; fileEncoding = 4; lastKnownFileType = sourcecode.c.h; name = Model.h; path = ../game/Model.h; sourceTree = "<group>"; };
		FACF275B169B8223000D4C13 /* RefPtr.h */ = {isa = PBXFileReference; fileEncoding = 4; lastKnownFileType = sourcecode.c.h; name = RefPtr.h; path = ../game/RefPtr.h; sourceTree = "<group>"; };
		FACF275C169B8223000D4C13 /* RenderTexture.cpp */ = {isa = PBXFileReference; fileEncoding = 4; lastKnownFileType = sourcecode.cpp.cpp; name = RenderTexture.cpp; path = ../game/RenderTexture.cpp; sourceTree = "<group>"; };
		FACF275D169B8223000D4C13 /* RenderTexture.h */ = {isa = PBXFileReference; fileEncoding = 4; lastKnownFileType = sourcecode.c.h; name = RenderTexture.h; path = ../game/RenderTexture.h; sourceTree = "<group>"; };
		FACF275E169B8223000D4C13 /* Shader.cpp */ = {isa = PBXFileReference; fileEncoding = 4; lastKnownFileType = sourcecode.cpp.cpp; name = Shader.cpp; path = ../game/Shader.cpp; sourceTree = "<group>"; };
		FACF275F169B8223000D4C13 /* Shader.h */ = {isa = PBXFileReference; fileEncoding = 4; lastKnownFileType = sourcecode.c.h; name = Shader.h; path = ../game/Shader.h; sourceTree = "<group>"; };
		FACF2760169B8223000D4C13 /* stb_image.cpp */ = {isa = PBXFileReference; fileEncoding = 4; lastKnownFileType = sourcecode.cpp.cpp; name = stb_image.cpp; path = ../game/stb_image.cpp; sourceTree = "<group>"; };
		FACF2761169B8223000D4C13 /* stb_image.h */ = {isa = PBXFileReference; fileEncoding = 4; lastKnownFileType = sourcecode.c.h; name = stb_image.h; path = ../game/stb_image.h; sourceTree = "<group>"; };
		FACF2762169B8223000D4C13 /* Texture.cpp */ = {isa = PBXFileReference; fileEncoding = 4; lastKnownFileType = sourcecode.cpp.cpp; name = Texture.cpp; path = ../game/Texture.cpp; sourceTree = "<group>"; };
		FACF2763169B8223000D4C13 /* Texture.h */ = {isa = PBXFileReference; fileEncoding = 4; lastKnownFileType = sourcecode.c.h; name = Texture.h; path = ../game/Texture.h; sourceTree = "<group>"; };
		FACF276C169B8A04000D4C13 /* GL.cpp */ = {isa = PBXFileReference; fileEncoding = 4; lastKnownFileType = sourcecode.cpp.cpp; path = GL.cpp; sourceTree = "<group>"; };
		FACF276D169B8A04000D4C13 /* GL.h */ = {isa = PBXFileReference; fileEncoding = 4; lastKnownFileType = sourcecode.c.h; path = GL.h; sourceTree = "<group>"; };
		FACF276E169B8A04000D4C13 /* gl3w_gen.py */ = {isa = PBXFileReference; fileEncoding = 4; lastKnownFileType = text.script.python; path = gl3w_gen.py; sourceTree = "<group>"; };
		FACF276F169B8A04000D4C13 /* glcorearb.h */ = {isa = PBXFileReference; fileEncoding = 4; lastKnownFileType = sourcecode.c.h; path = glcorearb.h; sourceTree = "<group>"; };
		FAEB214D169B63E400B5EA1D /* glwt.h */ = {isa = PBXFileReference; fileEncoding = 4; lastKnownFileType = sourcecode.c.h; path = glwt.h; sourceTree = "<group>"; };
		FAEB2150169B64A900B5EA1D /* Game.cpp */ = {isa = PBXFileReference; fileEncoding = 4; lastKnownFileType = sourcecode.cpp.cpp; name = Game.cpp; path = ../game/Game.cpp; sourceTree = "<group>"; };
		FAEB2156169B74EC00B5EA1D /* CoreVideo.framework */ = {isa = PBXFileReference; lastKnownFileType = wrapper.framework; name = CoreVideo.framework; path = System/Library/Frameworks/CoreVideo.framework; sourceTree = SDKROOT; };
		FAEB2159169B7F5300B5EA1D /* AppDelegate.h */ = {isa = PBXFileReference; fileEncoding = 4; lastKnownFileType = sourcecode.c.h; path = AppDelegate.h; sourceTree = "<group>"; };
		FAEB215A169B7F5300B5EA1D /* AppDelegate.mm */ = {isa = PBXFileReference; fileEncoding = 4; lastKnownFileType = sourcecode.cpp.objcpp; path = AppDelegate.mm; sourceTree = "<group>"; };
		FAEB215E169B7F5300B5EA1D /* en */ = {isa = PBXFileReference; lastKnownFileType = text.plist.strings; name = en; path = en.lproj/InfoPlist.strings; sourceTree = "<group>"; };
		FAEB2160169B7F5300B5EA1D /* en */ = {isa = PBXFileReference; lastKnownFileType = file.xib; name = en; path = en.lproj/MainMenu.xib; sourceTree = "<group>"; };
		FAEB2162169B7F5300B5EA1D /* GLView.h */ = {isa = PBXFileReference; fileEncoding = 4; lastKnownFileType = sourcecode.c.h; path = GLView.h; sourceTree = "<group>"; };
		FAEB2163169B7F5300B5EA1D /* GLView.mm */ = {isa = PBXFileReference; fileEncoding = 4; lastKnownFileType = sourcecode.cpp.objcpp; path = GLView.mm; sourceTree = "<group>"; };
		FAEB2164169B7F5300B5EA1D /* glwt-Info.plist */ = {isa = PBXFileReference; fileEncoding = 4; lastKnownFileType = text.plist.xml; path = "glwt-Info.plist"; sourceTree = "<group>"; };
		FAEB2165169B7F5300B5EA1D /* glwt-Prefix.pch */ = {isa = PBXFileReference; fileEncoding = 4; lastKnownFileType = sourcecode.c.h; path = "glwt-Prefix.pch"; sourceTree = "<group>"; };
		FAEB2166169B7F5300B5EA1D /* main.m */ = {isa = PBXFileReference; fileEncoding = 4; lastKnownFileType = sourcecode.c.objc; path = main.m; sourceTree = "<group>"; };
		FAEB2167169B7F5300B5EA1D /* Window.mm */ = {isa = PBXFileReference; fileEncoding = 4; lastKnownFileType = sourcecode.cpp.objcpp; path = Window.mm; sourceTree = "<group>"; };
/* End PBXFileReference section */

/* Begin PBXFrameworksBuildPhase section */
		FA2B5BDB169A4B3500F143BD /* Frameworks */ = {
			isa = PBXFrameworksBuildPhase;
			buildActionMask = 2147483647;
			files = (
				FAEB2157169B74EC00B5EA1D /* CoreVideo.framework in Frameworks */,
				FA2B5C03169A4CBB00F143BD /* OpenGL.framework in Frameworks */,
				FA2B5BE3169A4B3500F143BD /* Cocoa.framework in Frameworks */,
			);
			runOnlyForDeploymentPostprocessing = 0;
		};
/* End PBXFrameworksBuildPhase section */

/* Begin PBXGroup section */
		FA2B5BD3169A4B3500F143BD = {
			isa = PBXGroup;
			children = (
				FAEB2156169B74EC00B5EA1D /* CoreVideo.framework */,
				FAEB214F169B647D00B5EA1D /* game */,
				FA2B5BE8169A4B3500F143BD /* glwt */,
				FA2B5BE1169A4B3500F143BD /* Frameworks */,
				FA2B5BDF169A4B3500F143BD /* Products */,
			);
			sourceTree = "<group>";
		};
		FA2B5BDF169A4B3500F143BD /* Products */ = {
			isa = PBXGroup;
			children = (
				FA2B5BDE169A4B3500F143BD /* glwt.app */,
			);
			name = Products;
			sourceTree = "<group>";
		};
		FA2B5BE1169A4B3500F143BD /* Frameworks */ = {
			isa = PBXGroup;
			children = (
				FA2B5C02169A4CBB00F143BD /* OpenGL.framework */,
				FA2B5BE2169A4B3500F143BD /* Cocoa.framework */,
				FA2B5BE4169A4B3500F143BD /* Other Frameworks */,
			);
			name = Frameworks;
			sourceTree = "<group>";
		};
		FA2B5BE4169A4B3500F143BD /* Other Frameworks */ = {
			isa = PBXGroup;
			children = (
				FA2B5BE5169A4B3500F143BD /* AppKit.framework */,
				FA2B5BE6169A4B3500F143BD /* CoreData.framework */,
				FA2B5BE7169A4B3500F143BD /* Foundation.framework */,
			);
			name = "Other Frameworks";
			sourceTree = "<group>";
		};
		FA2B5BE8169A4B3500F143BD /* glwt */ = {
			isa = PBXGroup;
			children = (
				FACF276C169B8A04000D4C13 /* GL.cpp */,
				FACF276D169B8A04000D4C13 /* GL.h */,
				FACF276E169B8A04000D4C13 /* gl3w_gen.py */,
				FACF276F169B8A04000D4C13 /* glcorearb.h */,
				FAEB2158169B7F5300B5EA1D /* mac */,
				FAEB214D169B63E400B5EA1D /* glwt.h */,
			);
			path = glwt;
			sourceTree = "<group>";
		};
		FAEB214F169B647D00B5EA1D /* game */ = {
			isa = PBXGroup;
			children = (
				FACF2753169B8223000D4C13 /* Camera.cpp */,
				FACF2754169B8223000D4C13 /* Camera.h */,
				FACF2755169B8223000D4C13 /* Material.cpp */,
				FACF2756169B8223000D4C13 /* Material.h */,
				FACF2757169B8223000D4C13 /* Mesh.cpp */,
				FACF2758169B8223000D4C13 /* Mesh.h */,
				FACF2759169B8223000D4C13 /* Model.cpp */,
				FACF275A169B8223000D4C13 /* Model.h */,
				FACF275B169B8223000D4C13 /* RefPtr.h */,
				FACF275C169B8223000D4C13 /* RenderTexture.cpp */,
				FACF275D169B8223000D4C13 /* RenderTexture.h */,
				FACF275E169B8223000D4C13 /* Shader.cpp */,
				FACF275F169B8223000D4C13 /* Shader.h */,
				FACF2760169B8223000D4C13 /* stb_image.cpp */,
				FACF2761169B8223000D4C13 /* stb_image.h */,
				FACF2762169B8223000D4C13 /* Texture.cpp */,
				FACF2763169B8223000D4C13 /* Texture.h */,
				FAEB2150169B64A900B5EA1D /* Game.cpp */,
			);
			name = game;
			sourceTree = "<group>";
		};
		FAEB2158169B7F5300B5EA1D /* mac */ = {
			isa = PBXGroup;
			children = (
				FAEB2171169B7F6200B5EA1D /* Supporting Files */,
				FAEB2159169B7F5300B5EA1D /* AppDelegate.h */,
				FAEB215A169B7F5300B5EA1D /* AppDelegate.mm */,
				FAEB2162169B7F5300B5EA1D /* GLView.h */,
				FAEB2163169B7F5300B5EA1D /* GLView.mm */,
				FAEB2166169B7F5300B5EA1D /* main.m */,
				FAEB2167169B7F5300B5EA1D /* Window.mm */,
			);
			path = mac;
			sourceTree = "<group>";
		};
		FAEB2171169B7F6200B5EA1D /* Supporting Files */ = {
			isa = PBXGroup;
			children = (
				FAEB2165169B7F5300B5EA1D /* glwt-Prefix.pch */,
				FAEB2164169B7F5300B5EA1D /* glwt-Info.plist */,
				FAEB215D169B7F5300B5EA1D /* InfoPlist.strings */,
				FAEB215F169B7F5300B5EA1D /* MainMenu.xib */,
			);
			name = "Supporting Files";
			sourceTree = "<group>";
		};
/* End PBXGroup section */

/* Begin PBXNativeTarget section */
		FA2B5BDD169A4B3500F143BD /* glwt */ = {
			isa = PBXNativeTarget;
			buildConfigurationList = FA2B5BFC169A4B3600F143BD /* Build configuration list for PBXNativeTarget "glwt" */;
			buildPhases = (
				FA2B5BDA169A4B3500F143BD /* Sources */,
				FA2B5BDB169A4B3500F143BD /* Frameworks */,
				FA2B5BDC169A4B3500F143BD /* Resources */,
			);
			buildRules = (
			);
			dependencies = (
			);
			name = glwt;
			productName = glwt;
			productReference = FA2B5BDE169A4B3500F143BD /* glwt.app */;
			productType = "com.apple.product-type.application";
		};
/* End PBXNativeTarget section */

/* Begin PBXProject section */
		FA2B5BD5169A4B3500F143BD /* Project object */ = {
			isa = PBXProject;
			attributes = {
				LastUpgradeCheck = 0450;
				ORGANIZATIONNAME = "Alex Parker";
			};
			buildConfigurationList = FA2B5BD8169A4B3500F143BD /* Build configuration list for PBXProject "glwt" */;
			compatibilityVersion = "Xcode 3.2";
			developmentRegion = English;
			hasScannedForEncodings = 0;
			knownRegions = (
				en,
			);
			mainGroup = FA2B5BD3169A4B3500F143BD;
			productRefGroup = FA2B5BDF169A4B3500F143BD /* Products */;
			projectDirPath = "";
			projectRoot = "";
			targets = (
				FA2B5BDD169A4B3500F143BD /* glwt */,
			);
		};
/* End PBXProject section */

/* Begin PBXResourcesBuildPhase section */
		FA2B5BDC169A4B3500F143BD /* Resources */ = {
			isa = PBXResourcesBuildPhase;
			buildActionMask = 2147483647;
			files = (
				FAEB2172169B7FD400B5EA1D /* InfoPlist.strings in Resources */,
				FAEB216B169B7F5300B5EA1D /* MainMenu.xib in Resources */,
				FACF2771169B8A04000D4C13 /* gl3w_gen.py in Resources */,
			);
			runOnlyForDeploymentPostprocessing = 0;
		};
/* End PBXResourcesBuildPhase section */

/* Begin PBXSourcesBuildPhase section */
		FA2B5BDA169A4B3500F143BD /* Sources */ = {
			isa = PBXSourcesBuildPhase;
			buildActionMask = 2147483647;
			files = (
				FAEB2151169B64A900B5EA1D /* Game.cpp in Sources */,
				FAEB2168169B7F5300B5EA1D /* AppDelegate.mm in Sources */,
				FAEB216D169B7F5300B5EA1D /* GLView.mm in Sources */,
				FAEB216F169B7F5300B5EA1D /* main.m in Sources */,
				FAEB2170169B7F5300B5EA1D /* Window.mm in Sources */,
				FACF2764169B8223000D4C13 /* Camera.cpp in Sources */,
				FACF2765169B8223000D4C13 /* Material.cpp in Sources */,
				FACF2766169B8223000D4C13 /* Mesh.cpp in Sources */,
				FACF2767169B8223000D4C13 /* Model.cpp in Sources */,
				FACF2768169B8223000D4C13 /* RenderTexture.cpp in Sources */,
				FACF2769169B8223000D4C13 /* Shader.cpp in Sources */,
				FACF276A169B8223000D4C13 /* stb_image.cpp in Sources */,
				FACF276B169B8223000D4C13 /* Texture.cpp in Sources */,
				FACF2770169B8A04000D4C13 /* GL.cpp in Sources */,
			);
			runOnlyForDeploymentPostprocessing = 0;
		};
/* End PBXSourcesBuildPhase section */

/* Begin PBXVariantGroup section */
		FAEB215D169B7F5300B5EA1D /* InfoPlist.strings */ = {
			isa = PBXVariantGroup;
			children = (
				FAEB215E169B7F5300B5EA1D /* en */,
			);
			name = InfoPlist.strings;
			sourceTree = "<group>";
		};
		FAEB215F169B7F5300B5EA1D /* MainMenu.xib */ = {
			isa = PBXVariantGroup;
			children = (
				FAEB2160169B7F5300B5EA1D /* en */,
			);
			name = MainMenu.xib;
			sourceTree = "<group>";
		};
/* End PBXVariantGroup section */

/* Begin XCBuildConfiguration section */
		FA2B5BFA169A4B3600F143BD /* Debug */ = {
			isa = XCBuildConfiguration;
			buildSettings = {
				ALWAYS_SEARCH_USER_PATHS = NO;
				ARCHS = "$(ARCHS_STANDARD_64_BIT)";
				CLANG_CXX_LANGUAGE_STANDARD = "gnu++0x";
				CLANG_CXX_LIBRARY = "libc++";
				CLANG_WARN_EMPTY_BODY = YES;
				CLANG_WARN__DUPLICATE_METHOD_MATCH = YES;
				COPY_PHASE_STRIP = NO;
				GCC_C_LANGUAGE_STANDARD = gnu99;
				GCC_DYNAMIC_NO_PIC = NO;
				GCC_ENABLE_OBJC_EXCEPTIONS = YES;
				GCC_OPTIMIZATION_LEVEL = 0;
				GCC_PREPROCESSOR_DEFINITIONS = (
					"DEBUG=1",
					"$(inherited)",
				);
				GCC_SYMBOLS_PRIVATE_EXTERN = NO;
				GCC_WARN_64_TO_32_BIT_CONVERSION = YES;
				GCC_WARN_ABOUT_RETURN_TYPE = YES;
				GCC_WARN_UNINITIALIZED_AUTOS = YES;
				GCC_WARN_UNUSED_VARIABLE = YES;
				MACOSX_DEPLOYMENT_TARGET = 10.8;
				ONLY_ACTIVE_ARCH = YES;
				SDKROOT = macosx;
			};
			name = Debug;
		};
		FA2B5BFB169A4B3600F143BD /* Release */ = {
			isa = XCBuildConfiguration;
			buildSettings = {
				ALWAYS_SEARCH_USER_PATHS = NO;
				ARCHS = "$(ARCHS_STANDARD_64_BIT)";
				CLANG_CXX_LANGUAGE_STANDARD = "gnu++0x";
				CLANG_CXX_LIBRARY = "libc++";
				CLANG_WARN_EMPTY_BODY = YES;
				CLANG_WARN__DUPLICATE_METHOD_MATCH = YES;
				COPY_PHASE_STRIP = YES;
				DEBUG_INFORMATION_FORMAT = "dwarf-with-dsym";
				GCC_C_LANGUAGE_STANDARD = gnu99;
				GCC_ENABLE_OBJC_EXCEPTIONS = YES;
				GCC_WARN_64_TO_32_BIT_CONVERSION = YES;
				GCC_WARN_ABOUT_RETURN_TYPE = YES;
				GCC_WARN_UNINITIALIZED_AUTOS = YES;
				GCC_WARN_UNUSED_VARIABLE = YES;
				MACOSX_DEPLOYMENT_TARGET = 10.8;
				SDKROOT = macosx;
			};
			name = Release;
		};
		FA2B5BFD169A4B3600F143BD /* Debug */ = {
			isa = XCBuildConfiguration;
			buildSettings = {
				CLANG_CXX_LANGUAGE_STANDARD = "gnu++0x";
				COMBINE_HIDPI_IMAGES = YES;
				GCC_PRECOMPILE_PREFIX_HEADER = YES;
				GCC_PREFIX_HEADER = "glwt/mac/glwt-Prefix.pch";
				INFOPLIST_FILE = "glwt/mac/glwt-Info.plist";
				PRODUCT_NAME = "$(TARGET_NAME)";
				WRAPPER_EXTENSION = app;
			};
			name = Debug;
		};
		FA2B5BFE169A4B3600F143BD /* Release */ = {
			isa = XCBuildConfiguration;
			buildSettings = {
				CLANG_CXX_LANGUAGE_STANDARD = "gnu++0x";
				COMBINE_HIDPI_IMAGES = YES;
				GCC_PRECOMPILE_PREFIX_HEADER = YES;
				GCC_PREFIX_HEADER = "glwt/mac/glwt-Prefix.pch";
				INFOPLIST_FILE = "glwt/mac/glwt-Info.plist";
				PRODUCT_NAME = "$(TARGET_NAME)";
				WRAPPER_EXTENSION = app;
			};
			name = Release;
		};
/* End XCBuildConfiguration section */

/* Begin XCConfigurationList section */
		FA2B5BD8169A4B3500F143BD /* Build configuration list for PBXProject "glwt" */ = {
			isa = XCConfigurationList;
			buildConfigurations = (
				FA2B5BFA169A4B3600F143BD /* Debug */,
				FA2B5BFB169A4B3600F143BD /* Release */,
			);
			defaultConfigurationIsVisible = 0;
			defaultConfigurationName = Release;
		};
		FA2B5BFC169A4B3600F143BD /* Build configuration list for PBXNativeTarget "glwt" */ = {
			isa = XCConfigurationList;
			buildConfigurations = (
				FA2B5BFD169A4B3600F143BD /* Debug */,
				FA2B5BFE169A4B3600F143BD /* Release */,
			);
			defaultConfigurationIsVisible = 0;
			defaultConfigurationName = Release;
		};
/* End XCConfigurationList section */
	};
	rootObject = FA2B5BD5169A4B3500F143BD /* Project object */;
}
